// !$*UTF8*$!
{
	archiveVersion = 1;
	classes = {
	};
	objectVersion = 46;
	objects = {

/* Begin PBXBuildFile section */
		132FD5A41AE6475200786CE9 /* main.m in Sources */ = {isa = PBXBuildFile; fileRef = 132FD5A31AE6475200786CE9 /* main.m */; };
		132FD5A71AE6475200786CE9 /* AppDelegate.m in Sources */ = {isa = PBXBuildFile; fileRef = 132FD5A61AE6475200786CE9 /* AppDelegate.m */; };
		132FD5AA1AE6475200786CE9 /* ViewController.m in Sources */ = {isa = PBXBuildFile; fileRef = 132FD5A91AE6475200786CE9 /* ViewController.m */; };
		132FD5AD1AE6475200786CE9 /* Main.storyboard in Resources */ = {isa = PBXBuildFile; fileRef = 132FD5AB1AE6475200786CE9 /* Main.storyboard */; };
		132FD5AF1AE6475200786CE9 /* Images.xcassets in Resources */ = {isa = PBXBuildFile; fileRef = 132FD5AE1AE6475200786CE9 /* Images.xcassets */; };
		132FD5B21AE6475200786CE9 /* LaunchScreen.xib in Resources */ = {isa = PBXBuildFile; fileRef = 132FD5B01AE6475200786CE9 /* LaunchScreen.xib */; };
		132FD5BE1AE6475200786CE9 /* SimplePhoneGapTests.m in Sources */ = {isa = PBXBuildFile; fileRef = 132FD5BD1AE6475200786CE9 /* SimplePhoneGapTests.m */; };
		132FD60C1AE6482C00786CE9 /* config.xml in Resources */ = {isa = PBXBuildFile; fileRef = 132FD60B1AE6482C00786CE9 /* config.xml */; };
		132FD6101AE649AF00786CE9 /* AVFoundation.framework in Frameworks */ = {isa = PBXBuildFile; fileRef = 132FD60F1AE649AF00786CE9 /* AVFoundation.framework */; };
		132FD6121AE649BF00786CE9 /* QuartzCore.framework in Frameworks */ = {isa = PBXBuildFile; fileRef = 132FD6111AE649BF00786CE9 /* QuartzCore.framework */; };
		13D9018A1AE64FBE009DE9FD /* libCordova.a in Frameworks */ = {isa = PBXBuildFile; fileRef = 132FD5CC1AE647F100786CE9 /* libCordova.a */; };
		13D9018C1AE65067009DE9FD /* CoreGraphics.framework in Frameworks */ = {isa = PBXBuildFile; fileRef = 13D9018B1AE65067009DE9FD /* CoreGraphics.framework */; };
		13D9018E1AE650F6009DE9FD /* AssetsLibrary.framework in Frameworks */ = {isa = PBXBuildFile; fileRef = 13D9018D1AE650F6009DE9FD /* AssetsLibrary.framework */; };
		13D901901AE6512B009DE9FD /* CoreLocation.framework in Frameworks */ = {isa = PBXBuildFile; fileRef = 13D9018F1AE6512B009DE9FD /* CoreLocation.framework */; };
		13D901921AE6513A009DE9FD /* MobileCoreServices.framework in Frameworks */ = {isa = PBXBuildFile; fileRef = 13D901911AE6513A009DE9FD /* MobileCoreServices.framework */; };
		13D901971AE654AB009DE9FD /* www in Resources */ = {isa = PBXBuildFile; fileRef = 13D901961AE654AB009DE9FD /* www */; };
/* End PBXBuildFile section */

/* Begin PBXContainerItemProxy section */
		132FD5B81AE6475200786CE9 /* PBXContainerItemProxy */ = {
			isa = PBXContainerItemProxy;
			containerPortal = 132FD5961AE6475200786CE9 /* Project object */;
			proxyType = 1;
			remoteGlobalIDString = 132FD59D1AE6475200786CE9;
			remoteInfo = SimplePhoneGap;
		};
		132FD5CB1AE647F100786CE9 /* PBXContainerItemProxy */ = {
			isa = PBXContainerItemProxy;
			containerPortal = 132FD5C71AE647F100786CE9 /* CordovaLib.xcodeproj */;
			proxyType = 2;
			remoteGlobalIDString = 68A32D7114102E1C006B237C;
			remoteInfo = CordovaLib;
		};
		132FD60D1AE6489600786CE9 /* PBXContainerItemProxy */ = {
			isa = PBXContainerItemProxy;
			containerPortal = 132FD5C71AE647F100786CE9 /* CordovaLib.xcodeproj */;
			proxyType = 1;
			remoteGlobalIDString = D2AAC07D0554694100DB518D;
			remoteInfo = CordovaLib;
		};
/* End PBXContainerItemProxy section */

/* Begin PBXFileReference section */
		132FD59E1AE6475200786CE9 /* SimplePhoneGap.app */ = {isa = PBXFileReference; explicitFileType = wrapper.application; includeInIndex = 0; path = SimplePhoneGap.app; sourceTree = BUILT_PRODUCTS_DIR; };
		132FD5A21AE6475200786CE9 /* Info.plist */ = {isa = PBXFileReference; lastKnownFileType = text.plist.xml; path = Info.plist; sourceTree = "<group>"; };
		132FD5A31AE6475200786CE9 /* main.m */ = {isa = PBXFileReference; lastKnownFileType = sourcecode.c.objc; path = main.m; sourceTree = "<group>"; };
		132FD5A51AE6475200786CE9 /* AppDelegate.h */ = {isa = PBXFileReference; lastKnownFileType = sourcecode.c.h; path = AppDelegate.h; sourceTree = "<group>"; };
		132FD5A61AE6475200786CE9 /* AppDelegate.m */ = {isa = PBXFileReference; lastKnownFileType = sourcecode.c.objc; path = AppDelegate.m; sourceTree = "<group>"; };
		132FD5A81AE6475200786CE9 /* ViewController.h */ = {isa = PBXFileReference; lastKnownFileType = sourcecode.c.h; path = ViewController.h; sourceTree = "<group>"; };
		132FD5A91AE6475200786CE9 /* ViewController.m */ = {isa = PBXFileReference; lastKnownFileType = sourcecode.c.objc; path = ViewController.m; sourceTree = "<group>"; };
		132FD5AC1AE6475200786CE9 /* Base */ = {isa = PBXFileReference; lastKnownFileType = file.storyboard; name = Base; path = Base.lproj/Main.storyboard; sourceTree = "<group>"; };
		132FD5AE1AE6475200786CE9 /* Images.xcassets */ = {isa = PBXFileReference; lastKnownFileType = folder.assetcatalog; path = Images.xcassets; sourceTree = "<group>"; };
		132FD5B11AE6475200786CE9 /* Base */ = {isa = PBXFileReference; lastKnownFileType = file.xib; name = Base; path = Base.lproj/LaunchScreen.xib; sourceTree = "<group>"; };
		132FD5B71AE6475200786CE9 /* SimplePhoneGapTests.xctest */ = {isa = PBXFileReference; explicitFileType = wrapper.cfbundle; includeInIndex = 0; path = SimplePhoneGapTests.xctest; sourceTree = BUILT_PRODUCTS_DIR; };
		132FD5BC1AE6475200786CE9 /* Info.plist */ = {isa = PBXFileReference; lastKnownFileType = text.plist.xml; path = Info.plist; sourceTree = "<group>"; };
		132FD5BD1AE6475200786CE9 /* SimplePhoneGapTests.m */ = {isa = PBXFileReference; lastKnownFileType = sourcecode.c.objc; path = SimplePhoneGapTests.m; sourceTree = "<group>"; };
		132FD5C71AE647F100786CE9 /* CordovaLib.xcodeproj */ = {isa = PBXFileReference; lastKnownFileType = "wrapper.pb-project"; name = CordovaLib.xcodeproj; path = CordovaLib/CordovaLib.xcodeproj; sourceTree = "<group>"; };
		132FD60B1AE6482C00786CE9 /* config.xml */ = {isa = PBXFileReference; fileEncoding = 4; lastKnownFileType = text.xml; path = config.xml; sourceTree = "<group>"; };
		132FD60F1AE649AF00786CE9 /* AVFoundation.framework */ = {isa = PBXFileReference; lastKnownFileType = wrapper.framework; name = AVFoundation.framework; path = System/Library/Frameworks/AVFoundation.framework; sourceTree = SDKROOT; };
		132FD6111AE649BF00786CE9 /* QuartzCore.framework */ = {isa = PBXFileReference; lastKnownFileType = wrapper.framework; name = QuartzCore.framework; path = System/Library/Frameworks/QuartzCore.framework; sourceTree = SDKROOT; };
		13D9018B1AE65067009DE9FD /* CoreGraphics.framework */ = {isa = PBXFileReference; lastKnownFileType = wrapper.framework; name = CoreGraphics.framework; path = System/Library/Frameworks/CoreGraphics.framework; sourceTree = SDKROOT; };
		13D9018D1AE650F6009DE9FD /* AssetsLibrary.framework */ = {isa = PBXFileReference; lastKnownFileType = wrapper.framework; name = AssetsLibrary.framework; path = System/Library/Frameworks/AssetsLibrary.framework; sourceTree = SDKROOT; };
		13D9018F1AE6512B009DE9FD /* CoreLocation.framework */ = {isa = PBXFileReference; lastKnownFileType = wrapper.framework; name = CoreLocation.framework; path = System/Library/Frameworks/CoreLocation.framework; sourceTree = SDKROOT; };
		13D901911AE6513A009DE9FD /* MobileCoreServices.framework */ = {isa = PBXFileReference; lastKnownFileType = wrapper.framework; name = MobileCoreServices.framework; path = System/Library/Frameworks/MobileCoreServices.framework; sourceTree = SDKROOT; };
		13D901961AE654AB009DE9FD /* www */ = {isa = PBXFileReference; lastKnownFileType = folder; path = www; sourceTree = "<group>"; };
/* End PBXFileReference section */

/* Begin PBXFrameworksBuildPhase section */
		132FD59B1AE6475200786CE9 /* Frameworks */ = {
			isa = PBXFrameworksBuildPhase;
			buildActionMask = 2147483647;
			files = (
				13D901921AE6513A009DE9FD /* MobileCoreServices.framework in Frameworks */,
				13D901901AE6512B009DE9FD /* CoreLocation.framework in Frameworks */,
				13D9018E1AE650F6009DE9FD /* AssetsLibrary.framework in Frameworks */,
				13D9018C1AE65067009DE9FD /* CoreGraphics.framework in Frameworks */,
				13D9018A1AE64FBE009DE9FD /* libCordova.a in Frameworks */,
				132FD6121AE649BF00786CE9 /* QuartzCore.framework in Frameworks */,
				132FD6101AE649AF00786CE9 /* AVFoundation.framework in Frameworks */,
			);
			runOnlyForDeploymentPostprocessing = 0;
		};
		132FD5B41AE6475200786CE9 /* Frameworks */ = {
			isa = PBXFrameworksBuildPhase;
			buildActionMask = 2147483647;
			files = (
			);
			runOnlyForDeploymentPostprocessing = 0;
		};
/* End PBXFrameworksBuildPhase section */

/* Begin PBXGroup section */
		132FD5951AE6475200786CE9 = {
			isa = PBXGroup;
			children = (
				132FD60B1AE6482C00786CE9 /* config.xml */,
				13D901961AE654AB009DE9FD /* www */,
				132FD5C71AE647F100786CE9 /* CordovaLib.xcodeproj */,
				132FD5A01AE6475200786CE9 /* SimplePhoneGap */,
				132FD5BA1AE6475200786CE9 /* SimplePhoneGapTests */,
				132FD59F1AE6475200786CE9 /* Products */,
				13D901931AE6516E009DE9FD /* Framework */,
			);
			sourceTree = "<group>";
		};
		132FD59F1AE6475200786CE9 /* Products */ = {
			isa = PBXGroup;
			children = (
				132FD59E1AE6475200786CE9 /* SimplePhoneGap.app */,
				132FD5B71AE6475200786CE9 /* SimplePhoneGapTests.xctest */,
			);
			name = Products;
			sourceTree = "<group>";
		};
		132FD5A01AE6475200786CE9 /* SimplePhoneGap */ = {
			isa = PBXGroup;
			children = (
				132FD5A51AE6475200786CE9 /* AppDelegate.h */,
				132FD5A61AE6475200786CE9 /* AppDelegate.m */,
				132FD5A81AE6475200786CE9 /* ViewController.h */,
				132FD5A91AE6475200786CE9 /* ViewController.m */,
				132FD5AB1AE6475200786CE9 /* Main.storyboard */,
				132FD5AE1AE6475200786CE9 /* Images.xcassets */,
				132FD5B01AE6475200786CE9 /* LaunchScreen.xib */,
				132FD5A11AE6475200786CE9 /* Supporting Files */,
			);
			path = SimplePhoneGap;
			sourceTree = "<group>";
		};
		132FD5A11AE6475200786CE9 /* Supporting Files */ = {
			isa = PBXGroup;
			children = (
				132FD5A21AE6475200786CE9 /* Info.plist */,
				132FD5A31AE6475200786CE9 /* main.m */,
			);
			name = "Supporting Files";
			sourceTree = "<group>";
		};
		132FD5BA1AE6475200786CE9 /* SimplePhoneGapTests */ = {
			isa = PBXGroup;
			children = (
				132FD5BD1AE6475200786CE9 /* SimplePhoneGapTests.m */,
				132FD5BB1AE6475200786CE9 /* Supporting Files */,
			);
			path = SimplePhoneGapTests;
			sourceTree = "<group>";
		};
		132FD5BB1AE6475200786CE9 /* Supporting Files */ = {
			isa = PBXGroup;
			children = (
				132FD5BC1AE6475200786CE9 /* Info.plist */,
			);
			name = "Supporting Files";
			sourceTree = "<group>";
		};
		132FD5C81AE647F100786CE9 /* Products */ = {
			isa = PBXGroup;
			children = (
				132FD5CC1AE647F100786CE9 /* libCordova.a */,
			);
			name = Products;
			sourceTree = "<group>";
		};
		13D901931AE6516E009DE9FD /* Framework */ = {
			isa = PBXGroup;
			children = (
				13D901911AE6513A009DE9FD /* MobileCoreServices.framework */,
				13D9018F1AE6512B009DE9FD /* CoreLocation.framework */,
				13D9018D1AE650F6009DE9FD /* AssetsLibrary.framework */,
				13D9018B1AE65067009DE9FD /* CoreGraphics.framework */,
				132FD6111AE649BF00786CE9 /* QuartzCore.framework */,
				132FD60F1AE649AF00786CE9 /* AVFoundation.framework */,
			);
			name = Framework;
			path = SimplePhoneGap/Framework;
			sourceTree = "<group>";
		};
/* End PBXGroup section */

/* Begin PBXNativeTarget section */
		132FD59D1AE6475200786CE9 /* SimplePhoneGap */ = {
			isa = PBXNativeTarget;
			buildConfigurationList = 132FD5C11AE6475200786CE9 /* Build configuration list for PBXNativeTarget "SimplePhoneGap" */;
			buildPhases = (
				132FD59A1AE6475200786CE9 /* Sources */,
				132FD59B1AE6475200786CE9 /* Frameworks */,
				132FD59C1AE6475200786CE9 /* Resources */,
			);
			buildRules = (
			);
			dependencies = (
				132FD60E1AE6489600786CE9 /* PBXTargetDependency */,
			);
			name = SimplePhoneGap;
			productName = SimplePhoneGap;
			productReference = 132FD59E1AE6475200786CE9 /* SimplePhoneGap.app */;
			productType = "com.apple.product-type.application";
		};
		132FD5B61AE6475200786CE9 /* SimplePhoneGapTests */ = {
			isa = PBXNativeTarget;
			buildConfigurationList = 132FD5C41AE6475200786CE9 /* Build configuration list for PBXNativeTarget "SimplePhoneGapTests" */;
			buildPhases = (
				132FD5B31AE6475200786CE9 /* Sources */,
				132FD5B41AE6475200786CE9 /* Frameworks */,
				132FD5B51AE6475200786CE9 /* Resources */,
			);
			buildRules = (
			);
			dependencies = (
				132FD5B91AE6475200786CE9 /* PBXTargetDependency */,
			);
			name = SimplePhoneGapTests;
			productName = SimplePhoneGapTests;
			productReference = 132FD5B71AE6475200786CE9 /* SimplePhoneGapTests.xctest */;
			productType = "com.apple.product-type.bundle.unit-test";
		};
/* End PBXNativeTarget section */

/* Begin PBXProject section */
		132FD5961AE6475200786CE9 /* Project object */ = {
			isa = PBXProject;
			attributes = {
				LastUpgradeCheck = 0630;
				ORGANIZATIONNAME = "Nextop HN 2";
				TargetAttributes = {
					132FD59D1AE6475200786CE9 = {
						CreatedOnToolsVersion = 6.3;
					};
					132FD5B61AE6475200786CE9 = {
						CreatedOnToolsVersion = 6.3;
						TestTargetID = 132FD59D1AE6475200786CE9;
					};
				};
			};
			buildConfigurationList = 132FD5991AE6475200786CE9 /* Build configuration list for PBXProject "SimplePhoneGap" */;
			compatibilityVersion = "Xcode 3.2";
			developmentRegion = English;
			hasScannedForEncodings = 0;
			knownRegions = (
				en,
				Base,
			);
			mainGroup = 132FD5951AE6475200786CE9;
			productRefGroup = 132FD59F1AE6475200786CE9 /* Products */;
			projectDirPath = "";
			projectReferences = (
				{
					ProductGroup = 132FD5C81AE647F100786CE9 /* Products */;
					ProjectRef = 132FD5C71AE647F100786CE9 /* CordovaLib.xcodeproj */;
				},
			);
			projectRoot = "";
			targets = (
				132FD59D1AE6475200786CE9 /* SimplePhoneGap */,
				132FD5B61AE6475200786CE9 /* SimplePhoneGapTests */,
			);
		};
/* End PBXProject section */

/* Begin PBXReferenceProxy section */
		132FD5CC1AE647F100786CE9 /* libCordova.a */ = {
			isa = PBXReferenceProxy;
			fileType = archive.ar;
			path = libCordova.a;
			remoteRef = 132FD5CB1AE647F100786CE9 /* PBXContainerItemProxy */;
			sourceTree = BUILT_PRODUCTS_DIR;
		};
/* End PBXReferenceProxy section */

/* Begin PBXResourcesBuildPhase section */
		132FD59C1AE6475200786CE9 /* Resources */ = {
			isa = PBXResourcesBuildPhase;
			buildActionMask = 2147483647;
			files = (
				132FD5AD1AE6475200786CE9 /* Main.storyboard in Resources */,
				132FD5B21AE6475200786CE9 /* LaunchScreen.xib in Resources */,
				132FD5AF1AE6475200786CE9 /* Images.xcassets in Resources */,
				13D901971AE654AB009DE9FD /* www in Resources */,
				132FD60C1AE6482C00786CE9 /* config.xml in Resources */,
			);
			runOnlyForDeploymentPostprocessing = 0;
		};
		132FD5B51AE6475200786CE9 /* Resources */ = {
			isa = PBXResourcesBuildPhase;
			buildActionMask = 2147483647;
			files = (
			);
			runOnlyForDeploymentPostprocessing = 0;
		};
/* End PBXResourcesBuildPhase section */

/* Begin PBXSourcesBuildPhase section */
		132FD59A1AE6475200786CE9 /* Sources */ = {
			isa = PBXSourcesBuildPhase;
			buildActionMask = 2147483647;
			files = (
				132FD5AA1AE6475200786CE9 /* ViewController.m in Sources */,
				132FD5A71AE6475200786CE9 /* AppDelegate.m in Sources */,
				132FD5A41AE6475200786CE9 /* main.m in Sources */,
			);
			runOnlyForDeploymentPostprocessing = 0;
		};
		132FD5B31AE6475200786CE9 /* Sources */ = {
			isa = PBXSourcesBuildPhase;
			buildActionMask = 2147483647;
			files = (
				132FD5BE1AE6475200786CE9 /* SimplePhoneGapTests.m in Sources */,
			);
			runOnlyForDeploymentPostprocessing = 0;
		};
/* End PBXSourcesBuildPhase section */

/* Begin PBXTargetDependency section */
		132FD5B91AE6475200786CE9 /* PBXTargetDependency */ = {
			isa = PBXTargetDependency;
			target = 132FD59D1AE6475200786CE9 /* SimplePhoneGap */;
			targetProxy = 132FD5B81AE6475200786CE9 /* PBXContainerItemProxy */;
		};
		132FD60E1AE6489600786CE9 /* PBXTargetDependency */ = {
			isa = PBXTargetDependency;
			name = CordovaLib;
			targetProxy = 132FD60D1AE6489600786CE9 /* PBXContainerItemProxy */;
		};
/* End PBXTargetDependency section */

/* Begin PBXVariantGroup section */
		132FD5AB1AE6475200786CE9 /* Main.storyboard */ = {
			isa = PBXVariantGroup;
			children = (
				132FD5AC1AE6475200786CE9 /* Base */,
			);
			name = Main.storyboard;
			sourceTree = "<group>";
		};
		132FD5B01AE6475200786CE9 /* LaunchScreen.xib */ = {
			isa = PBXVariantGroup;
			children = (
				132FD5B11AE6475200786CE9 /* Base */,
			);
			name = LaunchScreen.xib;
			sourceTree = "<group>";
		};
/* End PBXVariantGroup section */

/* Begin XCBuildConfiguration section */
		132FD5BF1AE6475200786CE9 /* Debug */ = {
			isa = XCBuildConfiguration;
			buildSettings = {
				ALWAYS_SEARCH_USER_PATHS = NO;
				CLANG_CXX_LANGUAGE_STANDARD = "gnu++0x";
				CLANG_CXX_LIBRARY = "libc++";
				CLANG_ENABLE_MODULES = YES;
				CLANG_ENABLE_OBJC_ARC = YES;
				CLANG_WARN_BOOL_CONVERSION = YES;
				CLANG_WARN_CONSTANT_CONVERSION = YES;
				CLANG_WARN_DIRECT_OBJC_ISA_USAGE = YES_ERROR;
				CLANG_WARN_EMPTY_BODY = YES;
				CLANG_WARN_ENUM_CONVERSION = YES;
				CLANG_WARN_INT_CONVERSION = YES;
				CLANG_WARN_OBJC_ROOT_CLASS = YES_ERROR;
				CLANG_WARN_UNREACHABLE_CODE = YES;
				CLANG_WARN__DUPLICATE_METHOD_MATCH = YES;
				"CODE_SIGN_IDENTITY[sdk=iphoneos*]" = "iPhone Developer";
				COPY_PHASE_STRIP = NO;
				DEBUG_INFORMATION_FORMAT = "dwarf-with-dsym";
				ENABLE_STRICT_OBJC_MSGSEND = YES;
				GCC_C_LANGUAGE_STANDARD = gnu99;
				GCC_DYNAMIC_NO_PIC = NO;
				GCC_NO_COMMON_BLOCKS = YES;
				GCC_OPTIMIZATION_LEVEL = 0;
				GCC_PREPROCESSOR_DEFINITIONS = (
					"DEBUG=1",
					"$(inherited)",
				);
				GCC_SYMBOLS_PRIVATE_EXTERN = NO;
				GCC_WARN_64_TO_32_BIT_CONVERSION = YES;
				GCC_WARN_ABOUT_RETURN_TYPE = YES_ERROR;
				GCC_WARN_UNDECLARED_SELECTOR = YES;
				GCC_WARN_UNINITIALIZED_AUTOS = YES_AGGRESSIVE;
				GCC_WARN_UNUSED_FUNCTION = YES;
				GCC_WARN_UNUSED_VARIABLE = YES;
				IPHONEOS_DEPLOYMENT_TARGET = 8.3;
				MTL_ENABLE_DEBUG_INFO = YES;
				ONLY_ACTIVE_ARCH = YES;
				SDKROOT = iphoneos;
			};
			name = Debug;
		};
		132FD5C01AE6475200786CE9 /* Release */ = {
			isa = XCBuildConfiguration;
			buildSettings = {
				ALWAYS_SEARCH_USER_PATHS = NO;
				CLANG_CXX_LANGUAGE_STANDARD = "gnu++0x";
				CLANG_CXX_LIBRARY = "libc++";
				CLANG_ENABLE_MODULES = YES;
				CLANG_ENABLE_OBJC_ARC = YES;
				CLANG_WARN_BOOL_CONVERSION = YES;
				CLANG_WARN_CONSTANT_CONVERSION = YES;
				CLANG_WARN_DIRECT_OBJC_ISA_USAGE = YES_ERROR;
				CLANG_WARN_EMPTY_BODY = YES;
				CLANG_WARN_ENUM_CONVERSION = YES;
				CLANG_WARN_INT_CONVERSION = YES;
				CLANG_WARN_OBJC_ROOT_CLASS = YES_ERROR;
				CLANG_WARN_UNREACHABLE_CODE = YES;
				CLANG_WARN__DUPLICATE_METHOD_MATCH = YES;
				"CODE_SIGN_IDENTITY[sdk=iphoneos*]" = "iPhone Developer";
				COPY_PHASE_STRIP = NO;
				DEBUG_INFORMATION_FORMAT = "dwarf-with-dsym";
				ENABLE_NS_ASSERTIONS = NO;
				ENABLE_STRICT_OBJC_MSGSEND = YES;
				GCC_C_LANGUAGE_STANDARD = gnu99;
				GCC_NO_COMMON_BLOCKS = YES;
				GCC_WARN_64_TO_32_BIT_CONVERSION = YES;
				GCC_WARN_ABOUT_RETURN_TYPE = YES_ERROR;
				GCC_WARN_UNDECLARED_SELECTOR = YES;
				GCC_WARN_UNINITIALIZED_AUTOS = YES_AGGRESSIVE;
				GCC_WARN_UNUSED_FUNCTION = YES;
				GCC_WARN_UNUSED_VARIABLE = YES;
				IPHONEOS_DEPLOYMENT_TARGET = 8.3;
				MTL_ENABLE_DEBUG_INFO = NO;
				SDKROOT = iphoneos;
				VALIDATE_PRODUCT = YES;
			};
			name = Release;
		};
		132FD5C21AE6475200786CE9 /* Debug */ = {
			isa = XCBuildConfiguration;
			buildSettings = {
				ASSETCATALOG_COMPILER_APPICON_NAME = AppIcon;
				INFOPLIST_FILE = SimplePhoneGap/Info.plist;
				LD_RUNPATH_SEARCH_PATHS = "$(inherited) @executable_path/Frameworks";
				OTHER_LDFLAGS = (
					"-all_load",
					"-Obj-C",
				);
				PRODUCT_NAME = "$(TARGET_NAME)";
				USER_HEADER_SEARCH_PATHS = "$(TARGET_BUILD_DIR)/usr/local/lib/include/** $(OBJROOT)/UninstalledProducts/include/** $(BUILT_PRODUCTS_DIR)/**";
			};
			name = Debug;
		};
		132FD5C31AE6475200786CE9 /* Release */ = {
			isa = XCBuildConfiguration;
			buildSettings = {
				ASSETCATALOG_COMPILER_APPICON_NAME = AppIcon;
				INFOPLIST_FILE = SimplePhoneGap/Info.plist;
				LD_RUNPATH_SEARCH_PATHS = "$(inherited) @executable_path/Frameworks";
				OTHER_LDFLAGS = (
					"-all_load",
					"-Obj-C",
				);
				PRODUCT_NAME = "$(TARGET_NAME)";
				USER_HEADER_SEARCH_PATHS = "$(TARGET_BUILD_DIR)/usr/local/lib/include/** $(OBJROOT)/UninstalledProducts/include/** $(BUILT_PRODUCTS_DIR)/**";
			};
			name = Release;
		};
		132FD5C51AE6475200786CE9 /* Debug */ = {
			isa = XCBuildConfiguration;
			buildSettings = {
				BUNDLE_LOADER = "$(TEST_HOST)";
				FRAMEWORK_SEARCH_PATHS = (
					"$(SDKROOT)/Developer/Library/Frameworks",
					"$(inherited)",
				);
				GCC_PREPROCESSOR_DEFINITIONS = (
					"DEBUG=1",
					"$(inherited)",
				);
				INFOPLIST_FILE = SimplePhoneGapTests/Info.plist;
				LD_RUNPATH_SEARCH_PATHS = "$(inherited) @executable_path/Frameworks @loader_path/Frameworks";
				PRODUCT_NAME = "$(TARGET_NAME)";
				TEST_HOST = "$(BUILT_PRODUCTS_DIR)/SimplePhoneGap.app/SimplePhoneGap";
			};
			name = Debug;
		};
		132FD5C61AE6475200786CE9 /* Release */ = {
			isa = XCBuildConfiguration;
			buildSettings = {
				BUNDLE_LOADER = "$(TEST_HOST)";
				FRAMEWORK_SEARCH_PATHS = (
					"$(SDKROOT)/Developer/Library/Frameworks",
					"$(inherited)",
				);
				INFOPLIST_FILE = SimplePhoneGapTests/Info.plist;
				LD_RUNPATH_SEARCH_PATHS = "$(inherited) @executable_path/Frameworks @loader_path/Frameworks";
				PRODUCT_NAME = "$(TARGET_NAME)";
				TEST_HOST = "$(BUILT_PRODUCTS_DIR)/SimplePhoneGap.app/SimplePhoneGap";
			};
			name = Release;
		};
/* End XCBuildConfiguration section */

/* Begin XCConfigurationList section */
		132FD5991AE6475200786CE9 /* Build configuration list for PBXProject "SimplePhoneGap" */ = {
			isa = XCConfigurationList;
			buildConfigurations = (
				132FD5BF1AE6475200786CE9 /* Debug */,
				132FD5C01AE6475200786CE9 /* Release */,
			);
			defaultConfigurationIsVisible = 0;
			defaultConfigurationName = Release;
		};
		132FD5C11AE6475200786CE9 /* Build configuration list for PBXNativeTarget "SimplePhoneGap" */ = {
			isa = XCConfigurationList;
			buildConfigurations = (
				132FD5C21AE6475200786CE9 /* Debug */,
				132FD5C31AE6475200786CE9 /* Release */,
			);
			defaultConfigurationIsVisible = 0;
			defaultConfigurationName = Release;
		};
		132FD5C41AE6475200786CE9 /* Build configuration list for PBXNativeTarget "SimplePhoneGapTests" */ = {
			isa = XCConfigurationList;
			buildConfigurations = (
				132FD5C51AE6475200786CE9 /* Debug */,
				132FD5C61AE6475200786CE9 /* Release */,
			);
			defaultConfigurationIsVisible = 0;
			defaultConfigurationName = Release;
		};
/* End XCConfigurationList section */
	};
	rootObject = 132FD5961AE6475200786CE9 /* Project object */;
}
